
Microsoft Visual Studio Solution File, Format Version 12.00
# Visual Studio Version 17
VisualStudioVersion = 17.2.32519.379
MinimumVisualStudioVersion = 10.0.40219.1
Project("{9A19103F-16F7-4668-BE54-9A1E7A4F7556}") = "MongoDb_MoviesAPI", "MongoDb_MoviesAPI\MongoDb_MoviesAPI.csproj", "{A79FF701-AE74-4C65-B446-1D2AF3A9CC6E}"
EndProject
Global
	GlobalSection(SolutionConfigurationPlatforms) = preSolution
		Debug|Any CPU = Debug|Any CPU
		Release|Any CPU = Release|Any CPU
	EndGlobalSection
	GlobalSection(ProjectConfigurationPlatforms) = postSolution
		{A79FF701-AE74-4C65-B446-1D2AF3A9CC6E}.Debug|Any CPU.ActiveCfg = Debug|Any CPU
		{A79FF701-AE74-4C65-B446-1D2AF3A9CC6E}.Debug|Any CPU.Build.0 = Debug|Any CPU
		{A79FF701-AE74-4C65-B446-1D2AF3A9CC6E}.Release|Any CPU.ActiveCfg = Release|Any CPU
		{A79FF701-AE74-4C65-B446-1D2AF3A9CC6E}.Release|Any CPU.Build.0 = Release|Any CPU
	EndGlobalSection
	GlobalSection(SolutionProperties) = preSolution
		HideSolutionNode = FALSE
	EndGlobalSection
	GlobalSection(ExtensibilityGlobals) = postSolution
		SolutionGuid = {BDDD5561-632C-4248-B218-D424335154DC}
	EndGlobalSection
EndGlobal
